// !$*UTF8*$!
{
	archiveVersion = 1;
	classes = {
	};
	objectVersion = 46;
	objects = {

/* Begin PBXBuildFile section */
		4ADCEFD11B987A54001752FD /* main.cpp in Sources */ = {isa = PBXBuildFile; fileRef = 4ADCEFD01B987A54001752FD /* main.cpp */; };
		4ADCEFD91B987B7A001752FD /* LoanContext.cpp in Sources */ = {isa = PBXBuildFile; fileRef = 4ADCEFD71B987B7A001752FD /* LoanContext.cpp */; };
		4ADCEFDC1B9880E2001752FD /* LoanCalculationOutput.cpp in Sources */ = {isa = PBXBuildFile; fileRef = 4ADCEFDA1B9880E2001752FD /* LoanCalculationOutput.cpp */; };
		4ADCEFDF1B9881EB001752FD /* Global.cpp in Sources */ = {isa = PBXBuildFile; fileRef = 4ADCEFDD1B9881EB001752FD /* Global.cpp */; };
		4ADCEFE21B9882F6001752FD /* LoanCalculator.cpp in Sources */ = {isa = PBXBuildFile; fileRef = 4ADCEFE01B9882F6001752FD /* LoanCalculator.cpp */; };
		4ADCEFE51B9883C1001752FD /* LoanTransaction.cpp in Sources */ = {isa = PBXBuildFile; fileRef = 4ADCEFE31B9883C1001752FD /* LoanTransaction.cpp */; };
/* End PBXBuildFile section */

/* Begin PBXCopyFilesBuildPhase section */
		4ADCEFCB1B987A54001752FD /* CopyFiles */ = {
			isa = PBXCopyFilesBuildPhase;
			buildActionMask = 2147483647;
			dstPath = /usr/share/man/man1/;
			dstSubfolderSpec = 0;
			files = (
			);
			runOnlyForDeploymentPostprocessing = 1;
		};
/* End PBXCopyFilesBuildPhase section */

/* Begin PBXFileReference section */
		4ADCEFCD1B987A54001752FD /* Kata.LoanPrediction.C++ */ = {isa = PBXFileReference; explicitFileType = "compiled.mach-o.executable"; includeInIndex = 0; path = "Kata.LoanPrediction.C++"; sourceTree = BUILT_PRODUCTS_DIR; };
		4ADCEFD01B987A54001752FD /* main.cpp */ = {isa = PBXFileReference; lastKnownFileType = sourcecode.cpp.cpp; path = main.cpp; sourceTree = "<group>"; };
		4ADCEFD71B987B7A001752FD /* LoanContext.cpp */ = {isa = PBXFileReference; fileEncoding = 4; lastKnownFileType = sourcecode.cpp.cpp; path = LoanContext.cpp; sourceTree = "<group>"; };
		4ADCEFD81B987B7A001752FD /* LoanContext.h */ = {isa = PBXFileReference; fileEncoding = 4; lastKnownFileType = sourcecode.c.h; path = LoanContext.h; sourceTree = "<group>"; };
		4ADCEFDA1B9880E2001752FD /* LoanCalculationOutput.cpp */ = {isa = PBXFileReference; fileEncoding = 4; lastKnownFileType = sourcecode.cpp.cpp; path = LoanCalculationOutput.cpp; sourceTree = "<group>"; };
		4ADCEFDB1B9880E2001752FD /* LoanCalculationOutput.h */ = {isa = PBXFileReference; fileEncoding = 4; lastKnownFileType = sourcecode.c.h; path = LoanCalculationOutput.h; sourceTree = "<group>"; };
		4ADCEFDD1B9881EB001752FD /* Global.cpp */ = {isa = PBXFileReference; fileEncoding = 4; lastKnownFileType = sourcecode.cpp.cpp; path = Global.cpp; sourceTree = "<group>"; };
		4ADCEFDE1B9881EB001752FD /* Global.h */ = {isa = PBXFileReference; fileEncoding = 4; lastKnownFileType = sourcecode.c.h; path = Global.h; sourceTree = "<group>"; };
		4ADCEFE01B9882F6001752FD /* LoanCalculator.cpp */ = {isa = PBXFileReference; fileEncoding = 4; lastKnownFileType = sourcecode.cpp.cpp; path = LoanCalculator.cpp; sourceTree = "<group>"; };
		4ADCEFE11B9882F6001752FD /* LoanCalculator.h */ = {isa = PBXFileReference; fileEncoding = 4; lastKnownFileType = sourcecode.c.h; path = LoanCalculator.h; sourceTree = "<group>"; };
		4ADCEFE31B9883C1001752FD /* LoanTransaction.cpp */ = {isa = PBXFileReference; fileEncoding = 4; lastKnownFileType = sourcecode.cpp.cpp; path = LoanTransaction.cpp; sourceTree = "<group>"; };
		4ADCEFE41B9883C1001752FD /* LoanTransaction.h */ = {isa = PBXFileReference; fileEncoding = 4; lastKnownFileType = sourcecode.c.h; path = LoanTransaction.h; sourceTree = "<group>"; };
/* End PBXFileReference section */

/* Begin PBXFrameworksBuildPhase section */
		4ADCEFCA1B987A54001752FD /* Frameworks */ = {
			isa = PBXFrameworksBuildPhase;
			buildActionMask = 2147483647;
			files = (
			);
			runOnlyForDeploymentPostprocessing = 0;
		};
/* End PBXFrameworksBuildPhase section */

/* Begin PBXGroup section */
		4ADCEFC41B987A54001752FD = {
			isa = PBXGroup;
			children = (
				4ADCEFCF1B987A54001752FD /* Kata.LoanPrediction.C++ */,
				4ADCEFCE1B987A54001752FD /* Products */,
			);
			sourceTree = "<group>";
		};
		4ADCEFCE1B987A54001752FD /* Products */ = {
			isa = PBXGroup;
			children = (
				4ADCEFCD1B987A54001752FD /* Kata.LoanPrediction.C++ */,
			);
			name = Products;
			sourceTree = "<group>";
		};
		4ADCEFCF1B987A54001752FD /* Kata.LoanPrediction.C++ */ = {
			isa = PBXGroup;
			children = (
				4ADCEFD01B987A54001752FD /* main.cpp */,
				4ADCEFD71B987B7A001752FD /* LoanContext.cpp */,
				4ADCEFD81B987B7A001752FD /* LoanContext.h */,
				4ADCEFDA1B9880E2001752FD /* LoanCalculationOutput.cpp */,
				4ADCEFDB1B9880E2001752FD /* LoanCalculationOutput.h */,
				4ADCEFDD1B9881EB001752FD /* Global.cpp */,
				4ADCEFDE1B9881EB001752FD /* Global.h */,
				4ADCEFE01B9882F6001752FD /* LoanCalculator.cpp */,
				4ADCEFE11B9882F6001752FD /* LoanCalculator.h */,
				4ADCEFE31B9883C1001752FD /* LoanTransaction.cpp */,
				4ADCEFE41B9883C1001752FD /* LoanTransaction.h */,
			);
			path = "Kata.LoanPrediction.C++";
			sourceTree = "<group>";
		};
/* End PBXGroup section */

/* Begin PBXNativeTarget section */
		4ADCEFCC1B987A54001752FD /* Kata.LoanPrediction.C++ */ = {
			isa = PBXNativeTarget;
			buildConfigurationList = 4ADCEFD41B987A54001752FD /* Build configuration list for PBXNativeTarget "Kata.LoanPrediction.C++" */;
			buildPhases = (
				4ADCEFC91B987A54001752FD /* Sources */,
				4ADCEFCA1B987A54001752FD /* Frameworks */,
				4ADCEFCB1B987A54001752FD /* CopyFiles */,
			);
			buildRules = (
			);
			dependencies = (
			);
			name = "Kata.LoanPrediction.C++";
			productName = "Kata.LoanPrediction.C++";
			productReference = 4ADCEFCD1B987A54001752FD /* Kata.LoanPrediction.C++ */;
			productType = "com.apple.product-type.tool";
		};
/* End PBXNativeTarget section */

/* Begin PBXProject section */
		4ADCEFC51B987A54001752FD /* Project object */ = {
			isa = PBXProject;
			attributes = {
				LastUpgradeCheck = 0630;
				ORGANIZATIONNAME = a.j.dowding;
				TargetAttributes = {
					4ADCEFCC1B987A54001752FD = {
						CreatedOnToolsVersion = 6.3.2;
					};
				};
			};
			buildConfigurationList = 4ADCEFC81B987A54001752FD /* Build configuration list for PBXProject "Kata.LoanPrediction.C++" */;
			compatibilityVersion = "Xcode 3.2";
			developmentRegion = English;
			hasScannedForEncodings = 0;
			knownRegions = (
				en,
			);
			mainGroup = 4ADCEFC41B987A54001752FD;
			productRefGroup = 4ADCEFCE1B987A54001752FD /* Products */;
			projectDirPath = "";
			projectRoot = "";
			targets = (
				4ADCEFCC1B987A54001752FD /* Kata.LoanPrediction.C++ */,
			);
		};
/* End PBXProject section */

/* Begin PBXSourcesBuildPhase section */
		4ADCEFC91B987A54001752FD /* Sources */ = {
			isa = PBXSourcesBuildPhase;
			buildActionMask = 2147483647;
			files = (
				4ADCEFE51B9883C1001752FD /* LoanTransaction.cpp in Sources */,
				4ADCEFDF1B9881EB001752FD /* Global.cpp in Sources */,
				4ADCEFDC1B9880E2001752FD /* LoanCalculationOutput.cpp in Sources */,
				4ADCEFD11B987A54001752FD /* main.cpp in Sources */,
				4ADCEFE21B9882F6001752FD /* LoanCalculator.cpp in Sources */,
				4ADCEFD91B987B7A001752FD /* LoanContext.cpp in Sources */,
			);
			runOnlyForDeploymentPostprocessing = 0;
		};
/* End PBXSourcesBuildPhase section */

/* Begin XCBuildConfiguration section */
		4ADCEFD21B987A54001752FD /* Debug */ = {
			isa = XCBuildConfiguration;
			buildSettings = {
				ALWAYS_SEARCH_USER_PATHS = NO;
				CLANG_CXX_LANGUAGE_STANDARD = "gnu++0x";
				CLANG_CXX_LIBRARY = "libc++";
				CLANG_ENABLE_MODULES = YES;
				CLANG_ENABLE_OBJC_ARC = YES;
				CLANG_WARN_BOOL_CONVERSION = YES;
				CLANG_WARN_CONSTANT_CONVERSION = YES;
				CLANG_WARN_DIRECT_OBJC_ISA_USAGE = YES_ERROR;
				CLANG_WARN_EMPTY_BODY = YES;
				CLANG_WARN_ENUM_CONVERSION = YES;
				CLANG_WARN_INT_CONVERSION = YES;
				CLANG_WARN_OBJC_ROOT_CLASS = YES_ERROR;
				CLANG_WARN_UNREACHABLE_CODE = YES;
				CLANG_WARN__DUPLICATE_METHOD_MATCH = YES;
				COPY_PHASE_STRIP = NO;
				DEBUG_INFORMATION_FORMAT = dwarf;
				ENABLE_STRICT_OBJC_MSGSEND = YES;
				GCC_C_LANGUAGE_STANDARD = gnu99;
				GCC_DYNAMIC_NO_PIC = NO;
				GCC_NO_COMMON_BLOCKS = YES;
				GCC_OPTIMIZATION_LEVEL = 0;
				GCC_PREPROCESSOR_DEFINITIONS = (
					"DEBUG=1",
					"$(inherited)",
				);
				GCC_SYMBOLS_PRIVATE_EXTERN = NO;
				GCC_WARN_64_TO_32_BIT_CONVERSION = YES;
				GCC_WARN_ABOUT_RETURN_TYPE = YES_ERROR;
				GCC_WARN_UNDECLARED_SELECTOR = YES;
				GCC_WARN_UNINITIALIZED_AUTOS = YES_AGGRESSIVE;
				GCC_WARN_UNUSED_FUNCTION = YES;
				GCC_WARN_UNUSED_VARIABLE = YES;
				MACOSX_DEPLOYMENT_TARGET = 10.10;
				MTL_ENABLE_DEBUG_INFO = YES;
				ONLY_ACTIVE_ARCH = YES;
				SDKROOT = macosx;
			};
			name = Debug;
		};
		4ADCEFD31B987A54001752FD /* Release */ = {
			isa = XCBuildConfiguration;
			buildSettings = {
				ALWAYS_SEARCH_USER_PATHS = NO;
				CLANG_CXX_LANGUAGE_STANDARD = "gnu++0x";
				CLANG_CXX_LIBRARY = "libc++";
				CLANG_ENABLE_MODULES = YES;
				CLANG_ENABLE_OBJC_ARC = YES;
				CLANG_WARN_BOOL_CONVERSION = YES;
				CLANG_WARN_CONSTANT_CONVERSION = YES;
				CLANG_WARN_DIRECT_OBJC_ISA_USAGE = YES_ERROR;
				CLANG_WARN_EMPTY_BODY = YES;
				CLANG_WARN_ENUM_CONVERSION = YES;
				CLANG_WARN_INT_CONVERSION = YES;
				CLANG_WARN_OBJC_ROOT_CLASS = YES_ERROR;
				CLANG_WARN_UNREACHABLE_CODE = YES;
				CLANG_WARN__DUPLICATE_METHOD_MATCH = YES;
				COPY_PHASE_STRIP = NO;
				DEBUG_INFORMATION_FORMAT = "dwarf-with-dsym";
				ENABLE_NS_ASSERTIONS = NO;
				ENABLE_STRICT_OBJC_MSGSEND = YES;
				GCC_C_LANGUAGE_STANDARD = gnu99;
				GCC_NO_COMMON_BLOCKS = YES;
				GCC_WARN_64_TO_32_BIT_CONVERSION = YES;
				GCC_WARN_ABOUT_RETURN_TYPE = YES_ERROR;
				GCC_WARN_UNDECLARED_SELECTOR = YES;
				GCC_WARN_UNINITIALIZED_AUTOS = YES_AGGRESSIVE;
				GCC_WARN_UNUSED_FUNCTION = YES;
				GCC_WARN_UNUSED_VARIABLE = YES;
				MACOSX_DEPLOYMENT_TARGET = 10.10;
				MTL_ENABLE_DEBUG_INFO = NO;
				SDKROOT = macosx;
			};
			name = Release;
		};
		4ADCEFD51B987A54001752FD /* Debug */ = {
			isa = XCBuildConfiguration;
			buildSettings = {
				PRODUCT_NAME = "$(TARGET_NAME)";
			};
			name = Debug;
		};
		4ADCEFD61B987A54001752FD /* Release */ = {
			isa = XCBuildConfiguration;
			buildSettings = {
				PRODUCT_NAME = "$(TARGET_NAME)";
			};
			name = Release;
		};
/* End XCBuildConfiguration section */

/* Begin XCConfigurationList section */
		4ADCEFC81B987A54001752FD /* Build configuration list for PBXProject "Kata.LoanPrediction.C++" */ = {
			isa = XCConfigurationList;
			buildConfigurations = (
				4ADCEFD21B987A54001752FD /* Debug */,
				4ADCEFD31B987A54001752FD /* Release */,
			);
			defaultConfigurationIsVisible = 0;
			defaultConfigurationName = Release;
		};
		4ADCEFD41B987A54001752FD /* Build configuration list for PBXNativeTarget "Kata.LoanPrediction.C++" */ = {
			isa = XCConfigurationList;
			buildConfigurations = (
				4ADCEFD51B987A54001752FD /* Debug */,
				4ADCEFD61B987A54001752FD /* Release */,
			);
			defaultConfigurationIsVisible = 0;
		};
/* End XCConfigurationList section */
	};
	rootObject = 4ADCEFC51B987A54001752FD /* Project object */;
}
